{
  "name": "orbis-taller-solid",
  "version": "1.0.0",
  "lockfileVersion": 1,
  "requires": true,
  "dependencies": {
    "span": {
      "version": "0.0.6",
      "resolved": "https://registry.npmjs.org/span/-/span-0.0.6.tgz",
      "integrity": "sha1-y9IkxPlJQkPNJE7y9B5N/b8MIdY="
    },
    "ts": {
      "version": "0.0.0",
      "resolved": "https://registry.npmjs.org/ts/-/ts-0.0.0.tgz",
      "integrity": "sha1-Z0hYkXfbvX2A3t5Utdp3nVJjRsA=",
      "requires": {
        "span": "0.0.6"
      }
    }
  }
}
